
Microsoft Visual Studio Solution File, Format Version 12.00
# Visual Studio Version 16
VisualStudioVersion = 16.0.30804.86
MinimumVisualStudioVersion = 10.0.40219.1
Project("{8BC9CEB8-8B4A-11D0-8D11-00A0C91BC942}") = "TechnicalSketcher", "TechnicalSketcher\TechnicalSketcher.vcxproj", "{2D6D2863-8A8A-4145-9CC1-8355265B3EEF}"
EndProject
Project("{54435603-DBB4-11D2-8724-00A0C9A8B90C}") = "Installer-x64", "Installer-x64\Installer-x64.vdproj", "{CAB87653-E735-4DB0-A553-2BE77FDDB4EF}"
	ProjectSection(ProjectDependencies) = postProject
		{1A06E168-4403-4EEB-AA9B-38DDC73D7A68} = {1A06E168-4403-4EEB-AA9B-38DDC73D7A68}
	EndProjectSection
EndProject
Project("{8BC9CEB8-8B4A-11D0-8D11-00A0C91BC942}") = "Deploy", "DeployInstallers\Deploy.vcxproj", "{B79FFA9E-3C8A-4158-975A-69352CC55702}"
	ProjectSection(ProjectDependencies) = postProject
		{CAB87653-E735-4DB0-A553-2BE77FDDB4EF} = {CAB87653-E735-4DB0-A553-2BE77FDDB4EF}
		{2D6D2863-8A8A-4145-9CC1-8355265B3EEF} = {2D6D2863-8A8A-4145-9CC1-8355265B3EEF}
		{1A06E168-4403-4EEB-AA9B-38DDC73D7A68} = {1A06E168-4403-4EEB-AA9B-38DDC73D7A68}
	EndProjectSection
EndProject
Project("{8BC9CEB8-8B4A-11D0-8D11-00A0C91BC942}") = "CompilePython", "DeployInstallers\CompilePython.vcxproj", "{1A06E168-4403-4EEB-AA9B-38DDC73D7A68}"
EndProject
Global
	GlobalSection(SolutionConfigurationPlatforms) = preSolution
		Debug|Any CPU = Debug|Any CPU
		Debug|x64 = Debug|x64
		Debug|x86 = Debug|x86
		Release|Any CPU = Release|Any CPU
		Release|x64 = Release|x64
		Release|x86 = Release|x86
	EndGlobalSection
	GlobalSection(ProjectConfigurationPlatforms) = postSolution
		{2D6D2863-8A8A-4145-9CC1-8355265B3EEF}.Debug|Any CPU.ActiveCfg = Debug|x64
		{2D6D2863-8A8A-4145-9CC1-8355265B3EEF}.Debug|Any CPU.Build.0 = Debug|x64
		{2D6D2863-8A8A-4145-9CC1-8355265B3EEF}.Debug|x64.ActiveCfg = Debug|x64
		{2D6D2863-8A8A-4145-9CC1-8355265B3EEF}.Debug|x64.Build.0 = Debug|x64
		{2D6D2863-8A8A-4145-9CC1-8355265B3EEF}.Debug|x86.ActiveCfg = Debug|x64
		{2D6D2863-8A8A-4145-9CC1-8355265B3EEF}.Release|Any CPU.ActiveCfg = Release|x64
		{2D6D2863-8A8A-4145-9CC1-8355265B3EEF}.Release|Any CPU.Build.0 = Release|x64
		{2D6D2863-8A8A-4145-9CC1-8355265B3EEF}.Release|x64.ActiveCfg = Release|x64
		{2D6D2863-8A8A-4145-9CC1-8355265B3EEF}.Release|x64.Build.0 = Release|x64
		{2D6D2863-8A8A-4145-9CC1-8355265B3EEF}.Release|x86.ActiveCfg = Release|x64
		{CAB87653-E735-4DB0-A553-2BE77FDDB4EF}.Debug|Any CPU.ActiveCfg = Debug
		{CAB87653-E735-4DB0-A553-2BE77FDDB4EF}.Debug|x64.ActiveCfg = Debug
		{CAB87653-E735-4DB0-A553-2BE77FDDB4EF}.Debug|x86.ActiveCfg = Debug
		{CAB87653-E735-4DB0-A553-2BE77FDDB4EF}.Debug|x86.Build.0 = Debug
		{CAB87653-E735-4DB0-A553-2BE77FDDB4EF}.Release|Any CPU.ActiveCfg = Release
		{CAB87653-E735-4DB0-A553-2BE77FDDB4EF}.Release|Any CPU.Build.0 = Release
		{CAB87653-E735-4DB0-A553-2BE77FDDB4EF}.Release|x64.ActiveCfg = Release
		{CAB87653-E735-4DB0-A553-2BE77FDDB4EF}.Release|x64.Build.0 = Release
		{CAB87653-E735-4DB0-A553-2BE77FDDB4EF}.Release|x86.ActiveCfg = Release
		{CAB87653-E735-4DB0-A553-2BE77FDDB4EF}.Release|x86.Build.0 = Release
		{B79FFA9E-3C8A-4158-975A-69352CC55702}.Debug|Any CPU.ActiveCfg = Debug|x64
		{B79FFA9E-3C8A-4158-975A-69352CC55702}.Debug|x64.ActiveCfg = Debug|x64
		{B79FFA9E-3C8A-4158-975A-69352CC55702}.Debug|x64.Build.0 = Debug|x64
		{B79FFA9E-3C8A-4158-975A-69352CC55702}.Debug|x86.ActiveCfg = Debug|x64
		{B79FFA9E-3C8A-4158-975A-69352CC55702}.Release|Any CPU.ActiveCfg = Release|x64
		{B79FFA9E-3C8A-4158-975A-69352CC55702}.Release|Any CPU.Build.0 = Release|x64
		{B79FFA9E-3C8A-4158-975A-69352CC55702}.Release|x64.ActiveCfg = Release|x64
		{B79FFA9E-3C8A-4158-975A-69352CC55702}.Release|x64.Build.0 = Release|x64
		{B79FFA9E-3C8A-4158-975A-69352CC55702}.Release|x86.ActiveCfg = Release|x64
		{1A06E168-4403-4EEB-AA9B-38DDC73D7A68}.Debug|Any CPU.ActiveCfg = Debug|x64
		{1A06E168-4403-4EEB-AA9B-38DDC73D7A68}.Debug|x64.ActiveCfg = Debug|x64
		{1A06E168-4403-4EEB-AA9B-38DDC73D7A68}.Debug|x64.Build.0 = Debug|x64
		{1A06E168-4403-4EEB-AA9B-38DDC73D7A68}.Debug|x86.ActiveCfg = Debug|x64
		{1A06E168-4403-4EEB-AA9B-38DDC73D7A68}.Release|Any CPU.ActiveCfg = Release|x64
		{1A06E168-4403-4EEB-AA9B-38DDC73D7A68}.Release|Any CPU.Build.0 = Release|x64
		{1A06E168-4403-4EEB-AA9B-38DDC73D7A68}.Release|x64.ActiveCfg = Release|x64
		{1A06E168-4403-4EEB-AA9B-38DDC73D7A68}.Release|x64.Build.0 = Release|x64
		{1A06E168-4403-4EEB-AA9B-38DDC73D7A68}.Release|x86.ActiveCfg = Release|x64
	EndGlobalSection
	GlobalSection(SolutionProperties) = preSolution
		HideSolutionNode = FALSE
	EndGlobalSection
	GlobalSection(ExtensibilityGlobals) = postSolution
		SolutionGuid = {75E4A5D6-05EE-4873-827F-B973131D13CB}
	EndGlobalSection
EndGlobal
