<?xml version="1.0" encoding="utf-8"?>
<Project ToolsVersion="4.0" xmlns="http://schemas.microsoft.com/developer/msbuild/2003">
  <ItemGroup>
    <Filter Include="Source Files">
      <UniqueIdentifier>{4FC737F1-C7A5-4376-A066-2A32D752A2FF}</UniqueIdentifier>
      <Extensions>cpp;c;cc;cxx;c++;cppm;ixx;def;odl;idl;hpj;bat;asm;asmx</Extensions>
    </Filter>
    <Filter Include="Header Files">
      <UniqueIdentifier>{93995380-89BD-4b04-88EB-625FBE52EBFB}</UniqueIdentifier>
      <Extensions>h;hh;hpp;hxx;h++;hm;inl;inc;ipp;xsd</Extensions>
    </Filter>
    <Filter Include="Resource Files">
      <UniqueIdentifier>{67DA6AB6-F800-4c08-8B7A-83BB121AAD01}</UniqueIdentifier>
      <Extensions>rc;ico;cur;bmp;dlg;rc2;rct;bin;rgs;gif;jpg;jpeg;jpe;resx;tiff;tif;png;wav;mfcribbon-ms</Extensions>
    </Filter>
    <Filter Include="Header Files\Shapes">
      <UniqueIdentifier>{4769588a-6b12-4c02-a691-97ff19b87896}</UniqueIdentifier>
    </Filter>
    <Filter Include="Header Files\Tools">
      <UniqueIdentifier>{84b1d1c5-17ba-4f8f-a3bb-6e934af8f621}</UniqueIdentifier>
    </Filter>
    <Filter Include="Source Files\Shapes">
      <UniqueIdentifier>{4d9f27a9-45de-4835-b893-7b764f946593}</UniqueIdentifier>
    </Filter>
    <Filter Include="Source Files\Tools">
      <UniqueIdentifier>{cf180464-63a9-4dc6-9ac7-9cd69d2ca9d1}</UniqueIdentifier>
    </Filter>
  </ItemGroup>
  <ItemGroup>
    <ClCompile Include="..\src\Application.cpp">
      <Filter>Source Files</Filter>
    </ClCompile>
    <ClCompile Include="..\src\Gui.cpp">
      <Filter>Source Files</Filter>
    </ClCompile>
    <ClCompile Include="..\src\SketchFile.cpp">
      <Filter>Source Files</Filter>
    </ClCompile>
    <ClCompile Include="..\src\LayerList.cpp">
      <Filter>Source Files</Filter>
    </ClCompile>
    <ClCompile Include="..\src\pch.cpp">
      <Filter>Source Files</Filter>
    </ClCompile>
    <ClCompile Include="..\src\Navigator.cpp">
      <Filter>Source Files</Filter>
    </ClCompile>
    <ClCompile Include="..\src\ApplicationRenderer.cpp">
      <Filter>Source Files</Filter>
    </ClCompile>
    <ClCompile Include="..\src\Shapes\LineShape.cpp">
      <Filter>Source Files\Shapes</Filter>
    </ClCompile>
    <ClCompile Include="..\src\Layer.cpp">
      <Filter>Source Files</Filter>
    </ClCompile>
    <ClCompile Include="..\src\LayerState.cpp">
      <Filter>Source Files</Filter>
    </ClCompile>
    <ClCompile Include="..\src\SelectionHandler.cpp">
      <Filter>Source Files</Filter>
    </ClCompile>
    <ClCompile Include="..\src\Tools\SelectionTool.cpp">
      <Filter>Source Files\Tools</Filter>
    </ClCompile>
    <ClCompile Include="..\src\Tools\LineTool.cpp">
      <Filter>Source Files\Tools</Filter>
    </ClCompile>
    <ClCompile Include="..\src\Tools\LineStripTool.cpp">
      <Filter>Source Files\Tools</Filter>
    </ClCompile>
  </ItemGroup>
  <ItemGroup>
    <ClInclude Include="..\include\Application.h">
      <Filter>Header Files</Filter>
    </ClInclude>
    <ClInclude Include="resource.h">
      <Filter>Header Files</Filter>
    </ClInclude>
    <ClInclude Include="..\include\config.h">
      <Filter>Header Files</Filter>
    </ClInclude>
    <ClInclude Include="..\include\PerlinNoise.h">
      <Filter>Header Files</Filter>
    </ClInclude>
    <ClInclude Include="..\include\Gui.h">
      <Filter>Header Files</Filter>
    </ClInclude>
    <ClInclude Include="..\include\Updater.h">
      <Filter>Header Files</Filter>
    </ClInclude>
    <ClInclude Include="..\include\SketchFile.h">
      <Filter>Header Files</Filter>
    </ClInclude>
    <ClInclude Include="..\include\LayerList.h">
      <Filter>Header Files</Filter>
    </ClInclude>
    <ClInclude Include="..\include\Layer.h">
      <Filter>Header Files</Filter>
    </ClInclude>
    <ClInclude Include="..\include\pch.h">
      <Filter>Header Files</Filter>
    </ClInclude>
    <ClInclude Include="..\include\Navigator.h">
      <Filter>Header Files</Filter>
    </ClInclude>
    <ClInclude Include="..\include\LayerState.h">
      <Filter>Header Files</Filter>
    </ClInclude>
    <ClInclude Include="..\include\Shapes\GenericShape.h">
      <Filter>Header Files\Shapes</Filter>
    </ClInclude>
    <ClInclude Include="..\include\Shapes\LineShape.h">
      <Filter>Header Files\Shapes</Filter>
    </ClInclude>
    <ClInclude Include="..\include\ApplicationRenderer.h">
      <Filter>Header Files</Filter>
    </ClInclude>
    <ClInclude Include="..\include\NavigatorLayer.h">
      <Filter>Header Files</Filter>
    </ClInclude>
    <ClInclude Include="..\include\Tools\GenericTool.h">
      <Filter>Header Files\Tools</Filter>
    </ClInclude>
    <ClInclude Include="..\include\Tools\SelectionTool.h">
      <Filter>Header Files\Tools</Filter>
    </ClInclude>
    <ClInclude Include="..\include\Tools\LineStripTool.h">
      <Filter>Header Files\Tools</Filter>
    </ClInclude>
    <ClInclude Include="..\include\Tools\LineTool.h">
      <Filter>Header Files\Tools</Filter>
    </ClInclude>
    <ClInclude Include="..\include\SelectionHandler.h">
      <Filter>Header Files</Filter>
    </ClInclude>
    <ClInclude Include="..\include\LayerHistory.h">
      <Filter>Header Files</Filter>
    </ClInclude>
  </ItemGroup>
  <ItemGroup>
    <ResourceCompile Include="TechnicalSketcher.rc">
      <Filter>Resource Files</Filter>
    </ResourceCompile>
  </ItemGroup>
  <ItemGroup>
    <Image Include="..\icon.ico">
      <Filter>Resource Files</Filter>
    </Image>
  </ItemGroup>
  <ItemGroup>
    <Text Include="..\version" />
  </ItemGroup>
  <ItemGroup>
    <None Include="..\resource\fragment.glsl">
      <Filter>Resource Files</Filter>
    </None>
    <None Include="..\resource\vertex.glsl">
      <Filter>Resource Files</Filter>
    </None>
    <None Include="..\PythonModules\uninstall.py" />
    <None Include="..\PythonModules\updater.py" />
    <None Include="..\.gitignore" />
  </ItemGroup>
</Project>